
Microsoft Visual Studio Solution File, Format Version 12.00
# TcXaeShell Solution File, Format Version 11.00
VisualStudioVersion = 15.0.28010.2050
MinimumVisualStudioVersion = 10.0.40219.1
Project("{B1E792BE-AA5F-4E3C-8C82-674BF9C0715B}") = "six_axis", "6\six_axis.tsproj", "{8713F1C4-0C54-422A-BF70-A376C96B1263}"
EndProject
Global
	GlobalSection(SolutionConfigurationPlatforms) = preSolution
		Debug|TwinCAT CE7 (ARMV7) = Debug|TwinCAT CE7 (ARMV7)
		Debug|TwinCAT OS (ARMT2) = Debug|TwinCAT OS (ARMT2)
		Debug|TwinCAT RT (x64) = Debug|TwinCAT RT (x64)
		Debug|TwinCAT RT (x86) = Debug|TwinCAT RT (x86)
		Release|TwinCAT CE7 (ARMV7) = Release|TwinCAT CE7 (ARMV7)
		Release|TwinCAT OS (ARMT2) = Release|TwinCAT OS (ARMT2)
		Release|TwinCAT RT (x64) = Release|TwinCAT RT (x64)
		Release|TwinCAT RT (x86) = Release|TwinCAT RT (x86)
	EndGlobalSection
	GlobalSection(ProjectConfigurationPlatforms) = postSolution
		{8713F1C4-0C54-422A-BF70-A376C96B1263}.Debug|TwinCAT CE7 (ARMV7).ActiveCfg = Debug|TwinCAT CE7 (ARMV7)
		{8713F1C4-0C54-422A-BF70-A376C96B1263}.Debug|TwinCAT CE7 (ARMV7).Build.0 = Debug|TwinCAT CE7 (ARMV7)
		{8713F1C4-0C54-422A-BF70-A376C96B1263}.Debug|TwinCAT OS (ARMT2).ActiveCfg = Debug|TwinCAT OS (ARMT2)
		{8713F1C4-0C54-422A-BF70-A376C96B1263}.Debug|TwinCAT OS (ARMT2).Build.0 = Debug|TwinCAT OS (ARMT2)
		{8713F1C4-0C54-422A-BF70-A376C96B1263}.Debug|TwinCAT RT (x64).ActiveCfg = Debug|TwinCAT RT (x64)
		{8713F1C4-0C54-422A-BF70-A376C96B1263}.Debug|TwinCAT RT (x64).Build.0 = Debug|TwinCAT RT (x64)
		{8713F1C4-0C54-422A-BF70-A376C96B1263}.Debug|TwinCAT RT (x86).ActiveCfg = Debug|TwinCAT RT (x86)
		{8713F1C4-0C54-422A-BF70-A376C96B1263}.Debug|TwinCAT RT (x86).Build.0 = Debug|TwinCAT RT (x86)
		{8713F1C4-0C54-422A-BF70-A376C96B1263}.Release|TwinCAT CE7 (ARMV7).ActiveCfg = Release|TwinCAT CE7 (ARMV7)
		{8713F1C4-0C54-422A-BF70-A376C96B1263}.Release|TwinCAT CE7 (ARMV7).Build.0 = Release|TwinCAT CE7 (ARMV7)
		{8713F1C4-0C54-422A-BF70-A376C96B1263}.Release|TwinCAT OS (ARMT2).ActiveCfg = Release|TwinCAT OS (ARMT2)
		{8713F1C4-0C54-422A-BF70-A376C96B1263}.Release|TwinCAT OS (ARMT2).Build.0 = Release|TwinCAT OS (ARMT2)
		{8713F1C4-0C54-422A-BF70-A376C96B1263}.Release|TwinCAT RT (x64).ActiveCfg = Release|TwinCAT RT (x64)
		{8713F1C4-0C54-422A-BF70-A376C96B1263}.Release|TwinCAT RT (x64).Build.0 = Release|TwinCAT RT (x64)
		{8713F1C4-0C54-422A-BF70-A376C96B1263}.Release|TwinCAT RT (x86).ActiveCfg = Release|TwinCAT RT (x86)
		{8713F1C4-0C54-422A-BF70-A376C96B1263}.Release|TwinCAT RT (x86).Build.0 = Release|TwinCAT RT (x86)
		{DA6F7005-F513-4646-97D2-52A9F87207DD}.Debug|TwinCAT CE7 (ARMV7).ActiveCfg = Debug|TwinCAT CE7 (ARMV7)
		{DA6F7005-F513-4646-97D2-52A9F87207DD}.Debug|TwinCAT CE7 (ARMV7).Build.0 = Debug|TwinCAT CE7 (ARMV7)
		{DA6F7005-F513-4646-97D2-52A9F87207DD}.Debug|TwinCAT OS (ARMT2).ActiveCfg = Debug|TwinCAT OS (ARMT2)
		{DA6F7005-F513-4646-97D2-52A9F87207DD}.Debug|TwinCAT OS (ARMT2).Build.0 = Debug|TwinCAT OS (ARMT2)
		{DA6F7005-F513-4646-97D2-52A9F87207DD}.Debug|TwinCAT RT (x64).ActiveCfg = Debug|TwinCAT RT (x64)
		{DA6F7005-F513-4646-97D2-52A9F87207DD}.Debug|TwinCAT RT (x64).Build.0 = Debug|TwinCAT RT (x64)
		{DA6F7005-F513-4646-97D2-52A9F87207DD}.Debug|TwinCAT RT (x86).ActiveCfg = Debug|TwinCAT RT (x86)
		{DA6F7005-F513-4646-97D2-52A9F87207DD}.Debug|TwinCAT RT (x86).Build.0 = Debug|TwinCAT RT (x86)
		{DA6F7005-F513-4646-97D2-52A9F87207DD}.Release|TwinCAT CE7 (ARMV7).ActiveCfg = Release|TwinCAT CE7 (ARMV7)
		{DA6F7005-F513-4646-97D2-52A9F87207DD}.Release|TwinCAT CE7 (ARMV7).Build.0 = Release|TwinCAT CE7 (ARMV7)
		{DA6F7005-F513-4646-97D2-52A9F87207DD}.Release|TwinCAT OS (ARMT2).ActiveCfg = Release|TwinCAT OS (ARMT2)
		{DA6F7005-F513-4646-97D2-52A9F87207DD}.Release|TwinCAT OS (ARMT2).Build.0 = Release|TwinCAT OS (ARMT2)
		{DA6F7005-F513-4646-97D2-52A9F87207DD}.Release|TwinCAT RT (x64).ActiveCfg = Release|TwinCAT RT (x64)
		{DA6F7005-F513-4646-97D2-52A9F87207DD}.Release|TwinCAT RT (x64).Build.0 = Release|TwinCAT RT (x64)
		{DA6F7005-F513-4646-97D2-52A9F87207DD}.Release|TwinCAT RT (x86).ActiveCfg = Release|TwinCAT RT (x86)
		{DA6F7005-F513-4646-97D2-52A9F87207DD}.Release|TwinCAT RT (x86).Build.0 = Release|TwinCAT RT (x86)
	EndGlobalSection
	GlobalSection(SolutionProperties) = preSolution
		HideSolutionNode = FALSE
	EndGlobalSection
	GlobalSection(ExtensibilityGlobals) = postSolution
		SolutionGuid = {1FB3B5CE-857C-4BE0-B452-6EBEFF933130}
	EndGlobalSection
EndGlobal
